
Microsoft Visual Studio Solution File, Format Version 12.00
# Visual Studio 15
VisualStudioVersion = 15.0.27428.2037
MinimumVisualStudioVersion = 10.0.40219.1
Project("{FAE04EC0-301F-11D3-BF4B-00C04F79EFBC}") = "CCD.File.Doubles", "ccd-file-doubles\CCD.File.Doubles.csproj", "{D838F351-73DC-4E98-A3E3-4D2BB20BED3F}"
EndProject
Project("{FAE04EC0-301F-11D3-BF4B-00C04F79EFBC}") = "CCD.File.Doubles.Tests", "ccd-file-doubles-tests\CCD.File.Doubles.Tests.csproj", "{2E78F78F-DE9A-4636-A30B-B04255513077}"
EndProject
Project("{FAE04EC0-301F-11D3-BF4B-00C04F79EFBC}") = "CCD.File.Doubles.Common", "ccd-file-doubles-common\CCD.File.Doubles.Common.csproj", "{C60318FB-5120-44A5-A935-2A8864356A24}"
EndProject
Global
	GlobalSection(SolutionConfigurationPlatforms) = preSolution
		Debug|Any CPU = Debug|Any CPU
		Release|Any CPU = Release|Any CPU
	EndGlobalSection
	GlobalSection(ProjectConfigurationPlatforms) = postSolution
		{D838F351-73DC-4E98-A3E3-4D2BB20BED3F}.Debug|Any CPU.ActiveCfg = Debug|Any CPU
		{D838F351-73DC-4E98-A3E3-4D2BB20BED3F}.Debug|Any CPU.Build.0 = Debug|Any CPU
		{D838F351-73DC-4E98-A3E3-4D2BB20BED3F}.Release|Any CPU.ActiveCfg = Release|Any CPU
		{D838F351-73DC-4E98-A3E3-4D2BB20BED3F}.Release|Any CPU.Build.0 = Release|Any CPU
		{2E78F78F-DE9A-4636-A30B-B04255513077}.Debug|Any CPU.ActiveCfg = Debug|Any CPU
		{2E78F78F-DE9A-4636-A30B-B04255513077}.Debug|Any CPU.Build.0 = Debug|Any CPU
		{2E78F78F-DE9A-4636-A30B-B04255513077}.Release|Any CPU.ActiveCfg = Release|Any CPU
		{2E78F78F-DE9A-4636-A30B-B04255513077}.Release|Any CPU.Build.0 = Release|Any CPU
		{C60318FB-5120-44A5-A935-2A8864356A24}.Debug|Any CPU.ActiveCfg = Debug|Any CPU
		{C60318FB-5120-44A5-A935-2A8864356A24}.Debug|Any CPU.Build.0 = Debug|Any CPU
		{C60318FB-5120-44A5-A935-2A8864356A24}.Release|Any CPU.ActiveCfg = Release|Any CPU
		{C60318FB-5120-44A5-A935-2A8864356A24}.Release|Any CPU.Build.0 = Release|Any CPU
	EndGlobalSection
	GlobalSection(SolutionProperties) = preSolution
		HideSolutionNode = FALSE
	EndGlobalSection
	GlobalSection(ExtensibilityGlobals) = postSolution
		SolutionGuid = {181E04DD-FEF1-4CEC-A4CA-9A83B544B31D}
	EndGlobalSection
EndGlobal
